
Microsoft Visual Studio Solution File, Format Version 12.00
# Visual Studio 15
VisualStudioVersion = 15.0.28307.705
MinimumVisualStudioVersion = 10.0.40219.1
Project("{8BC9CEB8-8B4A-11D0-8D11-00A0C91BC942}") = "Project5", "Project5\Project5.vcxproj", "{622111B2-5D3B-4224-947D-9EF07AA5CEB9}"
EndProject
Global
	GlobalSection(SolutionConfigurationPlatforms) = preSolution
		Debug|x64 = Debug|x64
		Debug|x86 = Debug|x86
		Release|x64 = Release|x64
		Release|x86 = Release|x86
	EndGlobalSection
	GlobalSection(ProjectConfigurationPlatforms) = postSolution
		{622111B2-5D3B-4224-947D-9EF07AA5CEB9}.Debug|x64.ActiveCfg = Debug|x64
		{622111B2-5D3B-4224-947D-9EF07AA5CEB9}.Debug|x64.Build.0 = Debug|x64
		{622111B2-5D3B-4224-947D-9EF07AA5CEB9}.Debug|x86.ActiveCfg = Debug|Win32
		{622111B2-5D3B-4224-947D-9EF07AA5CEB9}.Debug|x86.Build.0 = Debug|Win32
		{622111B2-5D3B-4224-947D-9EF07AA5CEB9}.Release|x64.ActiveCfg = Release|x64
		{622111B2-5D3B-4224-947D-9EF07AA5CEB9}.Release|x64.Build.0 = Release|x64
		{622111B2-5D3B-4224-947D-9EF07AA5CEB9}.Release|x86.ActiveCfg = Release|Win32
		{622111B2-5D3B-4224-947D-9EF07AA5CEB9}.Release|x86.Build.0 = Release|Win32
	EndGlobalSection
	GlobalSection(SolutionProperties) = preSolution
		HideSolutionNode = FALSE
	EndGlobalSection
	GlobalSection(ExtensibilityGlobals) = postSolution
		SolutionGuid = {B163D914-6D4D-4C9B-A1A3-FFA4FE25253B}
	EndGlobalSection
EndGlobal
